
Microsoft Visual Studio Solution File, Format Version 12.00
# Visual Studio Version 17
VisualStudioVersion = 17.14.36221.1 d17.14
MinimumVisualStudioVersion = 10.0.40219.1
Project("{FAE04EC0-301F-11D3-BF4B-00C04F79EFBC}") = "TextoEnAsteriscosConsola", "TextoEnAsteriscosConsola.csproj", "{DB3CAEE7-37BD-449E-AD64-A40E9A2CFA1A}"
EndProject
Global
	GlobalSection(SolutionConfigurationPlatforms) = preSolution
		Debug|Any CPU = Debug|Any CPU
		Release|Any CPU = Release|Any CPU
	EndGlobalSection
	GlobalSection(ProjectConfigurationPlatforms) = postSolution
		{DB3CAEE7-37BD-449E-AD64-A40E9A2CFA1A}.Debug|Any CPU.ActiveCfg = Debug|Any CPU
		{DB3CAEE7-37BD-449E-AD64-A40E9A2CFA1A}.Debug|Any CPU.Build.0 = Debug|Any CPU
		{DB3CAEE7-37BD-449E-AD64-A40E9A2CFA1A}.Release|Any CPU.ActiveCfg = Release|Any CPU
		{DB3CAEE7-37BD-449E-AD64-A40E9A2CFA1A}.Release|Any CPU.Build.0 = Release|Any CPU
	EndGlobalSection
	GlobalSection(SolutionProperties) = preSolution
		HideSolutionNode = FALSE
	EndGlobalSection
	GlobalSection(ExtensibilityGlobals) = postSolution
		SolutionGuid = {419F98F8-A0E5-404B-BBA3-D1AE5E70BC4D}
	EndGlobalSection
EndGlobal
